
Microsoft Visual Studio Solution File, Format Version 12.00
# Visual Studio Version 17
VisualStudioVersion = 17.12.35527.113 d17.12
MinimumVisualStudioVersion = 10.0.40219.1
Project("{FAE04EC0-301F-11D3-BF4B-00C04F79EFBC}") = "UNO.Client", "UNO.Client\UNO.Client.csproj", "{9F070ED5-B781-488F-B8CE-AAE1E5C5F2DA}"
EndProject
Global
	GlobalSection(SolutionConfigurationPlatforms) = preSolution
		Debug|Any CPU = Debug|Any CPU
		Release|Any CPU = Release|Any CPU
	EndGlobalSection
	GlobalSection(ProjectConfigurationPlatforms) = postSolution
		{9F070ED5-B781-488F-B8CE-AAE1E5C5F2DA}.Debug|Any CPU.ActiveCfg = Debug|Any CPU
		{9F070ED5-B781-488F-B8CE-AAE1E5C5F2DA}.Debug|Any CPU.Build.0 = Debug|Any CPU
		{9F070ED5-B781-488F-B8CE-AAE1E5C5F2DA}.Release|Any CPU.ActiveCfg = Release|Any CPU
		{9F070ED5-B781-488F-B8CE-AAE1E5C5F2DA}.Release|Any CPU.Build.0 = Release|Any CPU
	EndGlobalSection
	GlobalSection(SolutionProperties) = preSolution
		HideSolutionNode = FALSE
	EndGlobalSection
EndGlobal
